
Microsoft Visual Studio Solution File, Format Version 12.00
Project("{FAE04EC0-301F-11D3-BF4B-00C04F79EFBC}") = "Fibonacci", "Fibonacci\Fibonacci.csproj", "{3A103DB6-FCCF-4061-AF7E-67CC1CAEB799}"
EndProject
Global
	GlobalSection(SolutionConfigurationPlatforms) = preSolution
		Debug|Any CPU = Debug|Any CPU
		Release|Any CPU = Release|Any CPU
	EndGlobalSection
	GlobalSection(ProjectConfigurationPlatforms) = postSolution
		{3A103DB6-FCCF-4061-AF7E-67CC1CAEB799}.Debug|Any CPU.ActiveCfg = Debug|Any CPU
		{3A103DB6-FCCF-4061-AF7E-67CC1CAEB799}.Debug|Any CPU.Build.0 = Debug|Any CPU
		{3A103DB6-FCCF-4061-AF7E-67CC1CAEB799}.Release|Any CPU.ActiveCfg = Release|Any CPU
		{3A103DB6-FCCF-4061-AF7E-67CC1CAEB799}.Release|Any CPU.Build.0 = Release|Any CPU
	EndGlobalSection
EndGlobal
